// !$*UTF8*$!
{
	archiveVersion = 1;
	classes = {
	};
	objectVersion = 46;
	objects = {

/* Begin PBXBuildFile section */
		CE7B84DC163E1B3500802AFC /* main.cpp in Sources */ = {isa = PBXBuildFile; fileRef = CE7B84DB163E1B3500802AFC /* main.cpp */; };
		CE7B84DE163E1B3500802AFC /* project4.1 in CopyFiles */ = {isa = PBXBuildFile; fileRef = CE7B84DD163E1B3500802AFC /* project4.1 */; };
		CE7F55A31640BAE300263EB1 /* discrete_generator.cpp in Sources */ = {isa = PBXBuildFile; fileRef = CE7F559A1640BAE300263EB1 /* discrete_generator.cpp */; };
		CE7F55A41640BAE300263EB1 /* job_generator.cpp in Sources */ = {isa = PBXBuildFile; fileRef = CE7F559B1640BAE300263EB1 /* job_generator.cpp */; };
		CE7F55A51640BAE300263EB1 /* processor.cpp in Sources */ = {isa = PBXBuildFile; fileRef = CE7F559D1640BAE300263EB1 /* processor.cpp */; };
		CE7F55A61640BAE300263EB1 /* sim_engine.cpp in Sources */ = {isa = PBXBuildFile; fileRef = CE7F559F1640BAE300263EB1 /* sim_engine.cpp */; };
/* End PBXBuildFile section */

/* Begin PBXCopyFilesBuildPhase section */
		CE7B84D5163E1B3500802AFC /* CopyFiles */ = {
			isa = PBXCopyFilesBuildPhase;
			buildActionMask = 2147483647;
			dstPath = /usr/share/man/man1/;
			dstSubfolderSpec = 0;
			files = (
				CE7B84DE163E1B3500802AFC /* project4.1 in CopyFiles */,
			);
			runOnlyForDeploymentPostprocessing = 1;
		};
/* End PBXCopyFilesBuildPhase section */

/* Begin PBXFileReference section */
		CE7B84D7163E1B3500802AFC /* project4 */ = {isa = PBXFileReference; explicitFileType = "compiled.mach-o.executable"; includeInIndex = 0; path = project4; sourceTree = BUILT_PRODUCTS_DIR; };
		CE7B84DB163E1B3500802AFC /* main.cpp */ = {isa = PBXFileReference; lastKnownFileType = sourcecode.cpp.cpp; path = main.cpp; sourceTree = "<group>"; };
		CE7B84DD163E1B3500802AFC /* project4.1 */ = {isa = PBXFileReference; lastKnownFileType = text.man; path = project4.1; sourceTree = "<group>"; };
		CE7B84E4163E1B7300802AFC /* StatModule.h */ = {isa = PBXFileReference; fileEncoding = 4; lastKnownFileType = sourcecode.c.h; path = StatModule.h; sourceTree = "<group>"; };
		CE7B84E5163E1B7300802AFC /* clock.h */ = {isa = PBXFileReference; fileEncoding = 4; lastKnownFileType = sourcecode.c.h; path = clock.h; sourceTree = "<group>"; };
		CE7B84E6163E1B7300802AFC /* job.h */ = {isa = PBXFileReference; fileEncoding = 4; lastKnownFileType = sourcecode.c.h; path = job.h; sourceTree = "<group>"; };
		CE7B84E7163E1B7300802AFC /* cpu.h */ = {isa = PBXFileReference; fileEncoding = 4; lastKnownFileType = sourcecode.c.h; path = cpu.h; sourceTree = "<group>"; };
		CE7B84E8163E1B7300802AFC /* que_list.h */ = {isa = PBXFileReference; fileEncoding = 4; lastKnownFileType = sourcecode.c.h; path = que_list.h; sourceTree = "<group>"; };
		CE7B84E9163E1B7300802AFC /* README.txt */ = {isa = PBXFileReference; fileEncoding = 4; lastKnownFileType = text; path = README.txt; sourceTree = "<group>"; };
		CE7B84EA163E1B7300802AFC /* node.h */ = {isa = PBXFileReference; fileEncoding = 4; lastKnownFileType = sourcecode.c.h; path = node.h; sourceTree = "<group>"; };
		CE7F559A1640BAE300263EB1 /* discrete_generator.cpp */ = {isa = PBXFileReference; fileEncoding = 4; lastKnownFileType = sourcecode.cpp.cpp; path = discrete_generator.cpp; sourceTree = "<group>"; };
		CE7F559B1640BAE300263EB1 /* job_generator.cpp */ = {isa = PBXFileReference; fileEncoding = 4; lastKnownFileType = sourcecode.cpp.cpp; path = job_generator.cpp; sourceTree = "<group>"; };
		CE7F559C1640BAE300263EB1 /* job_generator.h */ = {isa = PBXFileReference; fileEncoding = 4; lastKnownFileType = sourcecode.c.h; path = job_generator.h; sourceTree = "<group>"; };
		CE7F559D1640BAE300263EB1 /* processor.cpp */ = {isa = PBXFileReference; fileEncoding = 4; lastKnownFileType = sourcecode.cpp.cpp; path = processor.cpp; sourceTree = "<group>"; };
		CE7F559E1640BAE300263EB1 /* processor.h */ = {isa = PBXFileReference; fileEncoding = 4; lastKnownFileType = sourcecode.c.h; path = processor.h; sourceTree = "<group>"; };
		CE7F559F1640BAE300263EB1 /* sim_engine.cpp */ = {isa = PBXFileReference; fileEncoding = 4; lastKnownFileType = sourcecode.cpp.cpp; path = sim_engine.cpp; sourceTree = "<group>"; };
		CE7F55A01640BAE300263EB1 /* sim_engine.h */ = {isa = PBXFileReference; fileEncoding = 4; lastKnownFileType = sourcecode.c.h; path = sim_engine.h; sourceTree = "<group>"; };
		CE7F55A11640BAE300263EB1 /* sorted_vector.h */ = {isa = PBXFileReference; fileEncoding = 4; lastKnownFileType = sourcecode.c.h; path = sorted_vector.h; sourceTree = "<group>"; };
		CE7F55A21640BAE300263EB1 /* unsorted_list.h */ = {isa = PBXFileReference; fileEncoding = 4; lastKnownFileType = sourcecode.c.h; path = unsorted_list.h; sourceTree = "<group>"; };
/* End PBXFileReference section */

/* Begin PBXFrameworksBuildPhase section */
		CE7B84D4163E1B3500802AFC /* Frameworks */ = {
			isa = PBXFrameworksBuildPhase;
			buildActionMask = 2147483647;
			files = (
			);
			runOnlyForDeploymentPostprocessing = 0;
		};
/* End PBXFrameworksBuildPhase section */

/* Begin PBXGroup section */
		CE7B84CC163E1B3500802AFC = {
			isa = PBXGroup;
			children = (
				CE7B84DA163E1B3500802AFC /* project4 */,
				CE7B84D8163E1B3500802AFC /* Products */,
			);
			sourceTree = "<group>";
		};
		CE7B84D8163E1B3500802AFC /* Products */ = {
			isa = PBXGroup;
			children = (
				CE7B84D7163E1B3500802AFC /* project4 */,
			);
			name = Products;
			sourceTree = "<group>";
		};
		CE7B84DA163E1B3500802AFC /* project4 */ = {
			isa = PBXGroup;
			children = (
				CE7F559A1640BAE300263EB1 /* discrete_generator.cpp */,
				CE7F559B1640BAE300263EB1 /* job_generator.cpp */,
				CE7F559C1640BAE300263EB1 /* job_generator.h */,
				CE7F559D1640BAE300263EB1 /* processor.cpp */,
				CE7F559E1640BAE300263EB1 /* processor.h */,
				CE7F559F1640BAE300263EB1 /* sim_engine.cpp */,
				CE7F55A01640BAE300263EB1 /* sim_engine.h */,
				CE7F55A11640BAE300263EB1 /* sorted_vector.h */,
				CE7F55A21640BAE300263EB1 /* unsorted_list.h */,
				CE7B84E4163E1B7300802AFC /* StatModule.h */,
				CE7B84E5163E1B7300802AFC /* clock.h */,
				CE7B84E6163E1B7300802AFC /* job.h */,
				CE7B84E7163E1B7300802AFC /* cpu.h */,
				CE7B84E8163E1B7300802AFC /* que_list.h */,
				CE7B84E9163E1B7300802AFC /* README.txt */,
				CE7B84EA163E1B7300802AFC /* node.h */,
				CE7B84DB163E1B3500802AFC /* main.cpp */,
				CE7B84DD163E1B3500802AFC /* project4.1 */,
			);
			path = project4;
			sourceTree = "<group>";
		};
/* End PBXGroup section */

/* Begin PBXNativeTarget section */
		CE7B84D6163E1B3500802AFC /* project4 */ = {
			isa = PBXNativeTarget;
			buildConfigurationList = CE7B84E1163E1B3500802AFC /* Build configuration list for PBXNativeTarget "project4" */;
			buildPhases = (
				CE7B84D3163E1B3500802AFC /* Sources */,
				CE7B84D4163E1B3500802AFC /* Frameworks */,
				CE7B84D5163E1B3500802AFC /* CopyFiles */,
			);
			buildRules = (
			);
			dependencies = (
			);
			name = project4;
			productName = project4;
			productReference = CE7B84D7163E1B3500802AFC /* project4 */;
			productType = "com.apple.product-type.tool";
		};
/* End PBXNativeTarget section */

/* Begin PBXProject section */
		CE7B84CE163E1B3500802AFC /* Project object */ = {
			isa = PBXProject;
			attributes = {
				LastUpgradeCheck = 0450;
				ORGANIZATIONNAME = "Taylor Mansfield";
			};
			buildConfigurationList = CE7B84D1163E1B3500802AFC /* Build configuration list for PBXProject "project4" */;
			compatibilityVersion = "Xcode 3.2";
			developmentRegion = English;
			hasScannedForEncodings = 0;
			knownRegions = (
				en,
			);
			mainGroup = CE7B84CC163E1B3500802AFC;
			productRefGroup = CE7B84D8163E1B3500802AFC /* Products */;
			projectDirPath = "";
			projectRoot = "";
			targets = (
				CE7B84D6163E1B3500802AFC /* project4 */,
			);
		};
/* End PBXProject section */

/* Begin PBXSourcesBuildPhase section */
		CE7B84D3163E1B3500802AFC /* Sources */ = {
			isa = PBXSourcesBuildPhase;
			buildActionMask = 2147483647;
			files = (
				CE7B84DC163E1B3500802AFC /* main.cpp in Sources */,
				CE7F55A31640BAE300263EB1 /* discrete_generator.cpp in Sources */,
				CE7F55A41640BAE300263EB1 /* job_generator.cpp in Sources */,
				CE7F55A51640BAE300263EB1 /* processor.cpp in Sources */,
				CE7F55A61640BAE300263EB1 /* sim_engine.cpp in Sources */,
			);
			runOnlyForDeploymentPostprocessing = 0;
		};
/* End PBXSourcesBuildPhase section */

/* Begin XCBuildConfiguration section */
		CE7B84DF163E1B3500802AFC /* Debug */ = {
			isa = XCBuildConfiguration;
			buildSettings = {
				ALWAYS_SEARCH_USER_PATHS = NO;
				ARCHS = "$(ARCHS_STANDARD_64_BIT)";
				CLANG_CXX_LANGUAGE_STANDARD = "gnu++0x";
				CLANG_CXX_LIBRARY = "libc++";
				CLANG_WARN_EMPTY_BODY = YES;
				CLANG_WARN__DUPLICATE_METHOD_MATCH = YES;
				COPY_PHASE_STRIP = NO;
				GCC_C_LANGUAGE_STANDARD = gnu99;
				GCC_DYNAMIC_NO_PIC = NO;
				GCC_ENABLE_OBJC_EXCEPTIONS = YES;
				GCC_OPTIMIZATION_LEVEL = 0;
				GCC_PREPROCESSOR_DEFINITIONS = (
					"DEBUG=1",
					"$(inherited)",
				);
				GCC_SYMBOLS_PRIVATE_EXTERN = NO;
				GCC_WARN_64_TO_32_BIT_CONVERSION = YES;
				GCC_WARN_ABOUT_RETURN_TYPE = YES;
				GCC_WARN_UNINITIALIZED_AUTOS = YES;
				GCC_WARN_UNUSED_VARIABLE = YES;
				MACOSX_DEPLOYMENT_TARGET = 10.8;
				ONLY_ACTIVE_ARCH = YES;
				SDKROOT = macosx;
			};
			name = Debug;
		};
		CE7B84E0163E1B3500802AFC /* Release */ = {
			isa = XCBuildConfiguration;
			buildSettings = {
				ALWAYS_SEARCH_USER_PATHS = NO;
				ARCHS = "$(ARCHS_STANDARD_64_BIT)";
				CLANG_CXX_LANGUAGE_STANDARD = "gnu++0x";
				CLANG_CXX_LIBRARY = "libc++";
				CLANG_WARN_EMPTY_BODY = YES;
				CLANG_WARN__DUPLICATE_METHOD_MATCH = YES;
				COPY_PHASE_STRIP = YES;
				DEBUG_INFORMATION_FORMAT = "dwarf-with-dsym";
				GCC_C_LANGUAGE_STANDARD = gnu99;
				GCC_ENABLE_OBJC_EXCEPTIONS = YES;
				GCC_WARN_64_TO_32_BIT_CONVERSION = YES;
				GCC_WARN_ABOUT_RETURN_TYPE = YES;
				GCC_WARN_UNINITIALIZED_AUTOS = YES;
				GCC_WARN_UNUSED_VARIABLE = YES;
				MACOSX_DEPLOYMENT_TARGET = 10.8;
				SDKROOT = macosx;
			};
			name = Release;
		};
		CE7B84E2163E1B3500802AFC /* Debug */ = {
			isa = XCBuildConfiguration;
			buildSettings = {
				PRODUCT_NAME = "$(TARGET_NAME)";
			};
			name = Debug;
		};
		CE7B84E3163E1B3500802AFC /* Release */ = {
			isa = XCBuildConfiguration;
			buildSettings = {
				PRODUCT_NAME = "$(TARGET_NAME)";
			};
			name = Release;
		};
/* End XCBuildConfiguration section */

/* Begin XCConfigurationList section */
		CE7B84D1163E1B3500802AFC /* Build configuration list for PBXProject "project4" */ = {
			isa = XCConfigurationList;
			buildConfigurations = (
				CE7B84DF163E1B3500802AFC /* Debug */,
				CE7B84E0163E1B3500802AFC /* Release */,
			);
			defaultConfigurationIsVisible = 0;
			defaultConfigurationName = Release;
		};
		CE7B84E1163E1B3500802AFC /* Build configuration list for PBXNativeTarget "project4" */ = {
			isa = XCConfigurationList;
			buildConfigurations = (
				CE7B84E2163E1B3500802AFC /* Debug */,
				CE7B84E3163E1B3500802AFC /* Release */,
			);
			defaultConfigurationIsVisible = 0;
			defaultConfigurationName = Release;
		};
/* End XCConfigurationList section */
	};
	rootObject = CE7B84CE163E1B3500802AFC /* Project object */;
}
