// !$*UTF8*$!
{
	archiveVersion = 1;
	classes = {
	};
	objectVersion = 46;
	objects = {

/* Begin PBXBuildFile section */
		CE9AC7231640FA6000EDE2DC /* project4.1 in CopyFiles */ = {isa = PBXBuildFile; fileRef = CE9AC7221640FA6000EDE2DC /* project4.1 */; };
		CE9AC73E1640FABB00EDE2DC /* processor.cpp in Sources */ = {isa = PBXBuildFile; fileRef = CE9AC72A1640FABB00EDE2DC /* processor.cpp */; };
		CE9AC73F1640FABB00EDE2DC /* cpu.cpp in Sources */ = {isa = PBXBuildFile; fileRef = CE9AC72D1640FABB00EDE2DC /* cpu.cpp */; };
		CE9AC7401640FABB00EDE2DC /* discrete_generator.cpp in Sources */ = {isa = PBXBuildFile; fileRef = CE9AC7301640FABB00EDE2DC /* discrete_generator.cpp */; };
		CE9AC7411640FABB00EDE2DC /* job.cpp in Sources */ = {isa = PBXBuildFile; fileRef = CE9AC7311640FABB00EDE2DC /* job.cpp */; };
		CE9AC7421640FABB00EDE2DC /* StatModule.cpp in Sources */ = {isa = PBXBuildFile; fileRef = CE9AC7331640FABB00EDE2DC /* StatModule.cpp */; };
		CE9AC7431640FABB00EDE2DC /* job_generator.cpp in Sources */ = {isa = PBXBuildFile; fileRef = CE9AC7351640FABB00EDE2DC /* job_generator.cpp */; };
		CE9AC7441640FABB00EDE2DC /* sim_engine.cpp in Sources */ = {isa = PBXBuildFile; fileRef = CE9AC7371640FABB00EDE2DC /* sim_engine.cpp */; };
		CE9AC7451640FABB00EDE2DC /* main.cpp in Sources */ = {isa = PBXBuildFile; fileRef = CE9AC7391640FABB00EDE2DC /* main.cpp */; };
/* End PBXBuildFile section */

/* Begin PBXCopyFilesBuildPhase section */
		CE9AC71A1640FA6000EDE2DC /* CopyFiles */ = {
			isa = PBXCopyFilesBuildPhase;
			buildActionMask = 2147483647;
			dstPath = /usr/share/man/man1/;
			dstSubfolderSpec = 0;
			files = (
				CE9AC7231640FA6000EDE2DC /* project4.1 in CopyFiles */,
			);
			runOnlyForDeploymentPostprocessing = 1;
		};
/* End PBXCopyFilesBuildPhase section */

/* Begin PBXFileReference section */
		CE9AC71C1640FA6000EDE2DC /* project4 */ = {isa = PBXFileReference; explicitFileType = "compiled.mach-o.executable"; includeInIndex = 0; path = project4; sourceTree = BUILT_PRODUCTS_DIR; };
		CE9AC7221640FA6000EDE2DC /* project4.1 */ = {isa = PBXFileReference; lastKnownFileType = text.man; path = project4.1; sourceTree = "<group>"; };
		CE9AC7291640FABB00EDE2DC /* discrete_generator.h */ = {isa = PBXFileReference; fileEncoding = 4; lastKnownFileType = sourcecode.c.h; path = discrete_generator.h; sourceTree = "<group>"; };
		CE9AC72A1640FABB00EDE2DC /* processor.cpp */ = {isa = PBXFileReference; fileEncoding = 4; lastKnownFileType = sourcecode.cpp.cpp; path = processor.cpp; sourceTree = "<group>"; };
		CE9AC72B1640FABB00EDE2DC /* processor.h */ = {isa = PBXFileReference; fileEncoding = 4; lastKnownFileType = sourcecode.c.h; path = processor.h; sourceTree = "<group>"; };
		CE9AC72C1640FABB00EDE2DC /* sorted_vector.h */ = {isa = PBXFileReference; fileEncoding = 4; lastKnownFileType = sourcecode.c.h; path = sorted_vector.h; sourceTree = "<group>"; };
		CE9AC72D1640FABB00EDE2DC /* cpu.cpp */ = {isa = PBXFileReference; fileEncoding = 4; lastKnownFileType = sourcecode.cpp.cpp; path = cpu.cpp; sourceTree = "<group>"; };
		CE9AC72E1640FABB00EDE2DC /* que_list.h */ = {isa = PBXFileReference; fileEncoding = 4; lastKnownFileType = sourcecode.c.h; path = que_list.h; sourceTree = "<group>"; };
		CE9AC72F1640FABB00EDE2DC /* cpu.h */ = {isa = PBXFileReference; fileEncoding = 4; lastKnownFileType = sourcecode.c.h; path = cpu.h; sourceTree = "<group>"; };
		CE9AC7301640FABB00EDE2DC /* discrete_generator.cpp */ = {isa = PBXFileReference; fileEncoding = 4; lastKnownFileType = sourcecode.cpp.cpp; path = discrete_generator.cpp; sourceTree = "<group>"; };
		CE9AC7311640FABB00EDE2DC /* job.cpp */ = {isa = PBXFileReference; fileEncoding = 4; lastKnownFileType = sourcecode.cpp.cpp; path = job.cpp; sourceTree = "<group>"; };
		CE9AC7321640FABB00EDE2DC /* job.h */ = {isa = PBXFileReference; fileEncoding = 4; lastKnownFileType = sourcecode.c.h; path = job.h; sourceTree = "<group>"; };
		CE9AC7331640FABB00EDE2DC /* StatModule.cpp */ = {isa = PBXFileReference; fileEncoding = 4; lastKnownFileType = sourcecode.cpp.cpp; path = StatModule.cpp; sourceTree = "<group>"; };
		CE9AC7341640FABB00EDE2DC /* StatModule.h */ = {isa = PBXFileReference; fileEncoding = 4; lastKnownFileType = sourcecode.c.h; path = StatModule.h; sourceTree = "<group>"; };
		CE9AC7351640FABB00EDE2DC /* job_generator.cpp */ = {isa = PBXFileReference; fileEncoding = 4; lastKnownFileType = sourcecode.cpp.cpp; path = job_generator.cpp; sourceTree = "<group>"; };
		CE9AC7361640FABB00EDE2DC /* job_generator.h */ = {isa = PBXFileReference; fileEncoding = 4; lastKnownFileType = sourcecode.c.h; path = job_generator.h; sourceTree = "<group>"; };
		CE9AC7371640FABB00EDE2DC /* sim_engine.cpp */ = {isa = PBXFileReference; fileEncoding = 4; lastKnownFileType = sourcecode.cpp.cpp; path = sim_engine.cpp; sourceTree = "<group>"; };
		CE9AC7381640FABB00EDE2DC /* sim_engine.h */ = {isa = PBXFileReference; fileEncoding = 4; lastKnownFileType = sourcecode.c.h; path = sim_engine.h; sourceTree = "<group>"; };
		CE9AC7391640FABB00EDE2DC /* main.cpp */ = {isa = PBXFileReference; fileEncoding = 4; lastKnownFileType = sourcecode.cpp.cpp; path = main.cpp; sourceTree = "<group>"; };
		CE9AC73A1640FABB00EDE2DC /* unsorted_list.h */ = {isa = PBXFileReference; fileEncoding = 4; lastKnownFileType = sourcecode.c.h; path = unsorted_list.h; sourceTree = "<group>"; };
		CE9AC73B1640FABB00EDE2DC /* clock.h */ = {isa = PBXFileReference; fileEncoding = 4; lastKnownFileType = sourcecode.c.h; path = clock.h; sourceTree = "<group>"; };
		CE9AC73C1640FABB00EDE2DC /* README.txt */ = {isa = PBXFileReference; fileEncoding = 4; lastKnownFileType = text; path = README.txt; sourceTree = "<group>"; };
		CE9AC73D1640FABB00EDE2DC /* node.h */ = {isa = PBXFileReference; fileEncoding = 4; lastKnownFileType = sourcecode.c.h; path = node.h; sourceTree = "<group>"; };
/* End PBXFileReference section */

/* Begin PBXFrameworksBuildPhase section */
		CE9AC7191640FA6000EDE2DC /* Frameworks */ = {
			isa = PBXFrameworksBuildPhase;
			buildActionMask = 2147483647;
			files = (
			);
			runOnlyForDeploymentPostprocessing = 0;
		};
/* End PBXFrameworksBuildPhase section */

/* Begin PBXGroup section */
		CE9AC7111640FA6000EDE2DC = {
			isa = PBXGroup;
			children = (
				CE9AC71F1640FA6000EDE2DC /* project4 */,
				CE9AC71D1640FA6000EDE2DC /* Products */,
			);
			sourceTree = "<group>";
		};
		CE9AC71D1640FA6000EDE2DC /* Products */ = {
			isa = PBXGroup;
			children = (
				CE9AC71C1640FA6000EDE2DC /* project4 */,
			);
			name = Products;
			sourceTree = "<group>";
		};
		CE9AC71F1640FA6000EDE2DC /* project4 */ = {
			isa = PBXGroup;
			children = (
				CE9AC7291640FABB00EDE2DC /* discrete_generator.h */,
				CE9AC72A1640FABB00EDE2DC /* processor.cpp */,
				CE9AC72B1640FABB00EDE2DC /* processor.h */,
				CE9AC72C1640FABB00EDE2DC /* sorted_vector.h */,
				CE9AC72D1640FABB00EDE2DC /* cpu.cpp */,
				CE9AC72E1640FABB00EDE2DC /* que_list.h */,
				CE9AC72F1640FABB00EDE2DC /* cpu.h */,
				CE9AC7301640FABB00EDE2DC /* discrete_generator.cpp */,
				CE9AC7311640FABB00EDE2DC /* job.cpp */,
				CE9AC7321640FABB00EDE2DC /* job.h */,
				CE9AC7331640FABB00EDE2DC /* StatModule.cpp */,
				CE9AC7341640FABB00EDE2DC /* StatModule.h */,
				CE9AC7351640FABB00EDE2DC /* job_generator.cpp */,
				CE9AC7361640FABB00EDE2DC /* job_generator.h */,
				CE9AC7371640FABB00EDE2DC /* sim_engine.cpp */,
				CE9AC7381640FABB00EDE2DC /* sim_engine.h */,
				CE9AC7391640FABB00EDE2DC /* main.cpp */,
				CE9AC73A1640FABB00EDE2DC /* unsorted_list.h */,
				CE9AC73B1640FABB00EDE2DC /* clock.h */,
				CE9AC73C1640FABB00EDE2DC /* README.txt */,
				CE9AC73D1640FABB00EDE2DC /* node.h */,
				CE9AC7221640FA6000EDE2DC /* project4.1 */,
			);
			path = project4;
			sourceTree = "<group>";
		};
/* End PBXGroup section */

/* Begin PBXNativeTarget section */
		CE9AC71B1640FA6000EDE2DC /* project4 */ = {
			isa = PBXNativeTarget;
			buildConfigurationList = CE9AC7261640FA6000EDE2DC /* Build configuration list for PBXNativeTarget "project4" */;
			buildPhases = (
				CE9AC7181640FA6000EDE2DC /* Sources */,
				CE9AC7191640FA6000EDE2DC /* Frameworks */,
				CE9AC71A1640FA6000EDE2DC /* CopyFiles */,
			);
			buildRules = (
			);
			dependencies = (
			);
			name = project4;
			productName = project4;
			productReference = CE9AC71C1640FA6000EDE2DC /* project4 */;
			productType = "com.apple.product-type.tool";
		};
/* End PBXNativeTarget section */

/* Begin PBXProject section */
		CE9AC7131640FA6000EDE2DC /* Project object */ = {
			isa = PBXProject;
			attributes = {
				LastUpgradeCheck = 0450;
				ORGANIZATIONNAME = "Taylor Mansfield";
			};
			buildConfigurationList = CE9AC7161640FA6000EDE2DC /* Build configuration list for PBXProject "project4" */;
			compatibilityVersion = "Xcode 3.2";
			developmentRegion = English;
			hasScannedForEncodings = 0;
			knownRegions = (
				en,
			);
			mainGroup = CE9AC7111640FA6000EDE2DC;
			productRefGroup = CE9AC71D1640FA6000EDE2DC /* Products */;
			projectDirPath = "";
			projectRoot = "";
			targets = (
				CE9AC71B1640FA6000EDE2DC /* project4 */,
			);
		};
/* End PBXProject section */

/* Begin PBXSourcesBuildPhase section */
		CE9AC7181640FA6000EDE2DC /* Sources */ = {
			isa = PBXSourcesBuildPhase;
			buildActionMask = 2147483647;
			files = (
				CE9AC73E1640FABB00EDE2DC /* processor.cpp in Sources */,
				CE9AC73F1640FABB00EDE2DC /* cpu.cpp in Sources */,
				CE9AC7401640FABB00EDE2DC /* discrete_generator.cpp in Sources */,
				CE9AC7411640FABB00EDE2DC /* job.cpp in Sources */,
				CE9AC7421640FABB00EDE2DC /* StatModule.cpp in Sources */,
				CE9AC7431640FABB00EDE2DC /* job_generator.cpp in Sources */,
				CE9AC7441640FABB00EDE2DC /* sim_engine.cpp in Sources */,
				CE9AC7451640FABB00EDE2DC /* main.cpp in Sources */,
			);
			runOnlyForDeploymentPostprocessing = 0;
		};
/* End PBXSourcesBuildPhase section */

/* Begin XCBuildConfiguration section */
		CE9AC7241640FA6000EDE2DC /* Debug */ = {
			isa = XCBuildConfiguration;
			buildSettings = {
				ALWAYS_SEARCH_USER_PATHS = NO;
				ARCHS = "$(ARCHS_STANDARD_64_BIT)";
				CLANG_CXX_LANGUAGE_STANDARD = "gnu++0x";
				CLANG_CXX_LIBRARY = "libc++";
				CLANG_WARN_EMPTY_BODY = YES;
				CLANG_WARN__DUPLICATE_METHOD_MATCH = YES;
				COPY_PHASE_STRIP = NO;
				GCC_C_LANGUAGE_STANDARD = gnu99;
				GCC_DYNAMIC_NO_PIC = NO;
				GCC_ENABLE_OBJC_EXCEPTIONS = YES;
				GCC_OPTIMIZATION_LEVEL = 0;
				GCC_PREPROCESSOR_DEFINITIONS = (
					"DEBUG=1",
					"$(inherited)",
				);
				GCC_SYMBOLS_PRIVATE_EXTERN = NO;
				GCC_WARN_64_TO_32_BIT_CONVERSION = YES;
				GCC_WARN_ABOUT_RETURN_TYPE = YES;
				GCC_WARN_UNINITIALIZED_AUTOS = YES;
				GCC_WARN_UNUSED_VARIABLE = YES;
				MACOSX_DEPLOYMENT_TARGET = 10.8;
				ONLY_ACTIVE_ARCH = YES;
				SDKROOT = macosx;
			};
			name = Debug;
		};
		CE9AC7251640FA6000EDE2DC /* Release */ = {
			isa = XCBuildConfiguration;
			buildSettings = {
				ALWAYS_SEARCH_USER_PATHS = NO;
				ARCHS = "$(ARCHS_STANDARD_64_BIT)";
				CLANG_CXX_LANGUAGE_STANDARD = "gnu++0x";
				CLANG_CXX_LIBRARY = "libc++";
				CLANG_WARN_EMPTY_BODY = YES;
				CLANG_WARN__DUPLICATE_METHOD_MATCH = YES;
				COPY_PHASE_STRIP = YES;
				DEBUG_INFORMATION_FORMAT = "dwarf-with-dsym";
				GCC_C_LANGUAGE_STANDARD = gnu99;
				GCC_ENABLE_OBJC_EXCEPTIONS = YES;
				GCC_WARN_64_TO_32_BIT_CONVERSION = YES;
				GCC_WARN_ABOUT_RETURN_TYPE = YES;
				GCC_WARN_UNINITIALIZED_AUTOS = YES;
				GCC_WARN_UNUSED_VARIABLE = YES;
				MACOSX_DEPLOYMENT_TARGET = 10.8;
				SDKROOT = macosx;
			};
			name = Release;
		};
		CE9AC7271640FA6000EDE2DC /* Debug */ = {
			isa = XCBuildConfiguration;
			buildSettings = {
				PRODUCT_NAME = "$(TARGET_NAME)";
			};
			name = Debug;
		};
		CE9AC7281640FA6000EDE2DC /* Release */ = {
			isa = XCBuildConfiguration;
			buildSettings = {
				PRODUCT_NAME = "$(TARGET_NAME)";
			};
			name = Release;
		};
/* End XCBuildConfiguration section */

/* Begin XCConfigurationList section */
		CE9AC7161640FA6000EDE2DC /* Build configuration list for PBXProject "project4" */ = {
			isa = XCConfigurationList;
			buildConfigurations = (
				CE9AC7241640FA6000EDE2DC /* Debug */,
				CE9AC7251640FA6000EDE2DC /* Release */,
			);
			defaultConfigurationIsVisible = 0;
			defaultConfigurationName = Release;
		};
		CE9AC7261640FA6000EDE2DC /* Build configuration list for PBXNativeTarget "project4" */ = {
			isa = XCConfigurationList;
			buildConfigurations = (
				CE9AC7271640FA6000EDE2DC /* Debug */,
				CE9AC7281640FA6000EDE2DC /* Release */,
			);
			defaultConfigurationIsVisible = 0;
		};
/* End XCConfigurationList section */
	};
	rootObject = CE9AC7131640FA6000EDE2DC /* Project object */;
}
